Microsoft Visual Studio Solution File, Format Version 12.00
# Visual Studio Version 17
VisualStudioVersion = 17.0.31903.59
MinimumVisualStudioVersion = 10.0.40219.1
Project("{FAE04EC0-301F-11D3-BF4B-00C04F79EFBC}") = "RetailService", "src\RetailService\RetailService.csproj", "{6E5B814D-E5DC-4B73-AB0D-B9DD94C4B529}"
EndProject
Project("{FAE04EC0-301F-11D3-BF4B-00C04F79EFBC}") = "SyntheticRunner", "src\SyntheticRunner\SyntheticRunner.csproj", "{A9E52BE2-C7BC-4509-BF72-6C90643D3715}"
EndProject
Project("{FAE04EC0-301F-11D3-BF4B-00C04F79EFBC}") = "DemoControl", "src\DemoControl\DemoControl.csproj", "{08E791ED-7E37-4354-B8D7-1706BEB35C96}"
EndProject
Project("{FAE04EC0-301F-11D3-BF4B-00C04F79EFBC}") = "StatusPage", "src\StatusPage\StatusPage.csproj", "{D43FF6BA-03C7-4A55-9CA9-B2E36824A1C1}"
EndProject
Project("{FAE04EC0-301F-11D3-BF4B-00C04F79EFBC}") = "RetailService.Tests", "tests\RetailService.Tests\RetailService.Tests.csproj", "{91569ABF-C010-4939-B9F3-35869E0532CF}"
EndProject
Project("{2150E333-8FDC-42A3-9474-1A3956D46DE8}") = "src", "src", "{0BD15773-CC08-4A82-B4B7-40C5E3A76C72}"
EndProject
Project("{FAE04EC0-301F-11D3-BF4B-00C04F79EFBC}") = "SyntheticWorker", "src\SyntheticWorker\SyntheticWorker.csproj", "{93FE5624-05E8-431C-928A-2C6EE104E432}"
EndProject
Global
	GlobalSection(SolutionConfigurationPlatforms) = preSolution
		Debug|Any CPU = Debug|Any CPU
		Release|Any CPU = Release|Any CPU
	EndGlobalSection
	GlobalSection(ProjectConfigurationPlatforms) = postSolution
		{6E5B814D-E5DC-4B73-AB0D-B9DD94C4B529}.Debug|Any CPU.ActiveCfg = Debug|Any CPU
		{6E5B814D-E5DC-4B73-AB0D-B9DD94C4B529}.Debug|Any CPU.Build.0 = Debug|Any CPU
		{6E5B814D-E5DC-4B73-AB0D-B9DD94C4B529}.Release|Any CPU.ActiveCfg = Release|Any CPU
		{6E5B814D-E5DC-4B73-AB0D-B9DD94C4B529}.Release|Any CPU.Build.0 = Release|Any CPU
		{A9E52BE2-C7BC-4509-BF72-6C90643D3715}.Debug|Any CPU.ActiveCfg = Debug|Any CPU
		{A9E52BE2-C7BC-4509-BF72-6C90643D3715}.Debug|Any CPU.Build.0 = Debug|Any CPU
		{A9E52BE2-C7BC-4509-BF72-6C90643D3715}.Release|Any CPU.ActiveCfg = Release|Any CPU
		{A9E52BE2-C7BC-4509-BF72-6C90643D3715}.Release|Any CPU.Build.0 = Release|Any CPU
		{08E791ED-7E37-4354-B8D7-1706BEB35C96}.Debug|Any CPU.ActiveCfg = Debug|Any CPU
		{08E791ED-7E37-4354-B8D7-1706BEB35C96}.Debug|Any CPU.Build.0 = Debug|Any CPU
		{08E791ED-7E37-4354-B8D7-1706BEB35C96}.Release|Any CPU.ActiveCfg = Release|Any CPU
		{08E791ED-7E37-4354-B8D7-1706BEB35C96}.Release|Any CPU.Build.0 = Release|Any CPU
		{D43FF6BA-03C7-4A55-9CA9-B2E36824A1C1}.Debug|Any CPU.ActiveCfg = Debug|Any CPU
		{D43FF6BA-03C7-4A55-9CA9-B2E36824A1C1}.Debug|Any CPU.Build.0 = Debug|Any CPU
		{D43FF6BA-03C7-4A55-9CA9-B2E36824A1C1}.Release|Any CPU.ActiveCfg = Release|Any CPU
		{D43FF6BA-03C7-4A55-9CA9-B2E36824A1C1}.Release|Any CPU.Build.0 = Release|Any CPU
		{91569ABF-C010-4939-B9F3-35869E0532CF}.Debug|Any CPU.ActiveCfg = Debug|Any CPU
		{91569ABF-C010-4939-B9F3-35869E0532CF}.Debug|Any CPU.Build.0 = Debug|Any CPU
		{91569ABF-C010-4939-B9F3-35869E0532CF}.Release|Any CPU.ActiveCfg = Release|Any CPU
		{91569ABF-C010-4939-B9F3-35869E0532CF}.Release|Any CPU.Build.0 = Release|Any CPU
		{93FE5624-05E8-431C-928A-2C6EE104E432}.Debug|Any CPU.ActiveCfg = Debug|Any CPU
		{93FE5624-05E8-431C-928A-2C6EE104E432}.Debug|Any CPU.Build.0 = Debug|Any CPU
		{93FE5624-05E8-431C-928A-2C6EE104E432}.Release|Any CPU.ActiveCfg = Release|Any CPU
		{93FE5624-05E8-431C-928A-2C6EE104E432}.Release|Any CPU.Build.0 = Release|Any CPU
	EndGlobalSection
	GlobalSection(NestedProjects) = preSolution
		{93FE5624-05E8-431C-928A-2C6EE104E432} = {0BD15773-CC08-4A82-B4B7-40C5E3A76C72}
	EndGlobalSection
EndGlobal
